
Microsoft Visual Studio Solution File, Format Version 12.00
# Visual Studio 15
VisualStudioVersion = 15.0.28010.2048
MinimumVisualStudioVersion = 10.0.40219.1
Project("{FAE04EC0-301F-11D3-BF4B-00C04F79EFBC}") = "ArduinoApp.Android", "ArduinoApp\ArduinoApp.Android\ArduinoApp.Android.csproj", "{E77160F7-78FA-481C-B249-87B80953B972}"
EndProject
Project("{FAE04EC0-301F-11D3-BF4B-00C04F79EFBC}") = "ArduinoApp", "ArduinoApp\ArduinoApp\ArduinoApp.csproj", "{5070B814-5877-4A6D-9599-A038F97E1E1E}"
EndProject
Global
	GlobalSection(SolutionConfigurationPlatforms) = preSolution
		Debug|Any CPU = Debug|Any CPU
		Release|Any CPU = Release|Any CPU
	EndGlobalSection
	GlobalSection(ProjectConfigurationPlatforms) = postSolution
		{E77160F7-78FA-481C-B249-87B80953B972}.Debug|Any CPU.ActiveCfg = Debug|Any CPU
		{E77160F7-78FA-481C-B249-87B80953B972}.Debug|Any CPU.Build.0 = Debug|Any CPU
		{E77160F7-78FA-481C-B249-87B80953B972}.Debug|Any CPU.Deploy.0 = Debug|Any CPU
		{E77160F7-78FA-481C-B249-87B80953B972}.Release|Any CPU.ActiveCfg = Release|Any CPU
		{E77160F7-78FA-481C-B249-87B80953B972}.Release|Any CPU.Build.0 = Release|Any CPU
		{E77160F7-78FA-481C-B249-87B80953B972}.Release|Any CPU.Deploy.0 = Release|Any CPU
		{5070B814-5877-4A6D-9599-A038F97E1E1E}.Debug|Any CPU.ActiveCfg = Debug|Any CPU
		{5070B814-5877-4A6D-9599-A038F97E1E1E}.Debug|Any CPU.Build.0 = Debug|Any CPU
		{5070B814-5877-4A6D-9599-A038F97E1E1E}.Release|Any CPU.ActiveCfg = Release|Any CPU
		{5070B814-5877-4A6D-9599-A038F97E1E1E}.Release|Any CPU.Build.0 = Release|Any CPU
	EndGlobalSection
	GlobalSection(SolutionProperties) = preSolution
		HideSolutionNode = FALSE
	EndGlobalSection
	GlobalSection(ExtensibilityGlobals) = postSolution
		SolutionGuid = {D2A47F7F-08A4-45DE-A17D-C6454703781D}
	EndGlobalSection
EndGlobal
